
Microsoft Visual Studio Solution File, Format Version 12.00
# Visual Studio Version 16
VisualStudioVersion = 16.0.30523.141
MinimumVisualStudioVersion = 10.0.40219.1
Project("{FAE04EC0-301F-11D3-BF4B-00C04F79EFBC}") = "CoverZeroScheduling", "CoverZeroScheduling\CoverZeroScheduling.csproj", "{CFC31162-BE3F-4559-93CE-F080AA76CA82}"
EndProject
Project("{FAE04EC0-301F-11D3-BF4B-00C04F79EFBC}") = "CooverZeroScheduling.Tests", "CooverZeroScheduling.Tests\CooverZeroScheduling.Tests.csproj", "{F6731FC5-92FA-4278-B3B7-FA719E1C9D46}"
EndProject
Global
	GlobalSection(SolutionConfigurationPlatforms) = preSolution
		Debug|Any CPU = Debug|Any CPU
		Release|Any CPU = Release|Any CPU
	EndGlobalSection
	GlobalSection(ProjectConfigurationPlatforms) = postSolution
		{CFC31162-BE3F-4559-93CE-F080AA76CA82}.Debug|Any CPU.ActiveCfg = Debug|Any CPU
		{CFC31162-BE3F-4559-93CE-F080AA76CA82}.Debug|Any CPU.Build.0 = Debug|Any CPU
		{CFC31162-BE3F-4559-93CE-F080AA76CA82}.Release|Any CPU.ActiveCfg = Release|Any CPU
		{CFC31162-BE3F-4559-93CE-F080AA76CA82}.Release|Any CPU.Build.0 = Release|Any CPU
		{F6731FC5-92FA-4278-B3B7-FA719E1C9D46}.Debug|Any CPU.ActiveCfg = Debug|Any CPU
		{F6731FC5-92FA-4278-B3B7-FA719E1C9D46}.Debug|Any CPU.Build.0 = Debug|Any CPU
		{F6731FC5-92FA-4278-B3B7-FA719E1C9D46}.Release|Any CPU.ActiveCfg = Release|Any CPU
		{F6731FC5-92FA-4278-B3B7-FA719E1C9D46}.Release|Any CPU.Build.0 = Release|Any CPU
	EndGlobalSection
	GlobalSection(SolutionProperties) = preSolution
		HideSolutionNode = FALSE
	EndGlobalSection
	GlobalSection(ExtensibilityGlobals) = postSolution
		SolutionGuid = {1B71300B-D44F-4212-B416-FE2DAB27E2C9}
	EndGlobalSection
EndGlobal
